
Microsoft Visual Studio Solution File, Format Version 12.00
# Visual Studio Version 17
VisualStudioVersion = 17.0.31903.59
MinimumVisualStudioVersion = 10.0.40219.1
Project("{2150E333-8FDC-42A3-9474-1A3956D46DE8}") = "src", "src", "{827E0CD3-B72D-47B6-A68D-7590B98EB39B}"
EndProject
Project("{FAE04EC0-301F-11D3-BF4B-00C04F79EFBC}") = "SlideDevPresenter.App", "src\SlideDevPresenter.App\SlideDevPresenter.App.csproj", "{BB56A26F-8D14-4AAA-B5AB-8D5948B2C329}"
EndProject
Project("{FAE04EC0-301F-11D3-BF4B-00C04F79EFBC}") = "SlideDevPresenter.Core", "src\SlideDevPresenter.Core\SlideDevPresenter.Core.csproj", "{31F396CC-4AFC-456F-9E35-4C1C5E9FE0FD}"
EndProject
Project("{FAE04EC0-301F-11D3-BF4B-00C04F79EFBC}") = "SlideDevPresenter.Infrastructure", "src\SlideDevPresenter.Infrastructure\SlideDevPresenter.Infrastructure.csproj", "{D4614B91-A82D-49D9-AEC4-8B444C22195E}"
EndProject
Project("{2150E333-8FDC-42A3-9474-1A3956D46DE8}") = "tests", "tests", "{0AB3BF05-4346-4AA6-1389-037BE0695223}"
EndProject
Project("{FAE04EC0-301F-11D3-BF4B-00C04F79EFBC}") = "SlideDevPresenter.Tests", "tests\SlideDevPresenter.Tests\SlideDevPresenter.Tests.csproj", "{5DF57815-739C-4BEE-8396-DD25CA32B61E}"
EndProject
Global
	GlobalSection(SolutionConfigurationPlatforms) = preSolution
		Debug|Any CPU = Debug|Any CPU
		Debug|x64 = Debug|x64
		Debug|x86 = Debug|x86
		Release|Any CPU = Release|Any CPU
		Release|x64 = Release|x64
		Release|x86 = Release|x86
	EndGlobalSection
	GlobalSection(ProjectConfigurationPlatforms) = postSolution
		{BB56A26F-8D14-4AAA-B5AB-8D5948B2C329}.Debug|Any CPU.ActiveCfg = Debug|Any CPU
		{BB56A26F-8D14-4AAA-B5AB-8D5948B2C329}.Debug|Any CPU.Build.0 = Debug|Any CPU
		{BB56A26F-8D14-4AAA-B5AB-8D5948B2C329}.Debug|x64.ActiveCfg = Debug|Any CPU
		{BB56A26F-8D14-4AAA-B5AB-8D5948B2C329}.Debug|x64.Build.0 = Debug|Any CPU
		{BB56A26F-8D14-4AAA-B5AB-8D5948B2C329}.Debug|x86.ActiveCfg = Debug|Any CPU
		{BB56A26F-8D14-4AAA-B5AB-8D5948B2C329}.Debug|x86.Build.0 = Debug|Any CPU
		{BB56A26F-8D14-4AAA-B5AB-8D5948B2C329}.Release|Any CPU.ActiveCfg = Release|Any CPU
		{BB56A26F-8D14-4AAA-B5AB-8D5948B2C329}.Release|Any CPU.Build.0 = Release|Any CPU
		{BB56A26F-8D14-4AAA-B5AB-8D5948B2C329}.Release|x64.ActiveCfg = Release|Any CPU
		{BB56A26F-8D14-4AAA-B5AB-8D5948B2C329}.Release|x64.Build.0 = Release|Any CPU
		{BB56A26F-8D14-4AAA-B5AB-8D5948B2C329}.Release|x86.ActiveCfg = Release|Any CPU
		{BB56A26F-8D14-4AAA-B5AB-8D5948B2C329}.Release|x86.Build.0 = Release|Any CPU
		{31F396CC-4AFC-456F-9E35-4C1C5E9FE0FD}.Debug|Any CPU.ActiveCfg = Debug|Any CPU
		{31F396CC-4AFC-456F-9E35-4C1C5E9FE0FD}.Debug|Any CPU.Build.0 = Debug|Any CPU
		{31F396CC-4AFC-456F-9E35-4C1C5E9FE0FD}.Debug|x64.ActiveCfg = Debug|Any CPU
		{31F396CC-4AFC-456F-9E35-4C1C5E9FE0FD}.Debug|x64.Build.0 = Debug|Any CPU
		{31F396CC-4AFC-456F-9E35-4C1C5E9FE0FD}.Debug|x86.ActiveCfg = Debug|Any CPU
		{31F396CC-4AFC-456F-9E35-4C1C5E9FE0FD}.Debug|x86.Build.0 = Debug|Any CPU
		{31F396CC-4AFC-456F-9E35-4C1C5E9FE0FD}.Release|Any CPU.ActiveCfg = Release|Any CPU
		{31F396CC-4AFC-456F-9E35-4C1C5E9FE0FD}.Release|Any CPU.Build.0 = Release|Any CPU
		{31F396CC-4AFC-456F-9E35-4C1C5E9FE0FD}.Release|x64.ActiveCfg = Release|Any CPU
		{31F396CC-4AFC-456F-9E35-4C1C5E9FE0FD}.Release|x64.Build.0 = Release|Any CPU
		{31F396CC-4AFC-456F-9E35-4C1C5E9FE0FD}.Release|x86.ActiveCfg = Release|Any CPU
		{31F396CC-4AFC-456F-9E35-4C1C5E9FE0FD}.Release|x86.Build.0 = Release|Any CPU
		{D4614B91-A82D-49D9-AEC4-8B444C22195E}.Debug|Any CPU.ActiveCfg = Debug|Any CPU
		{D4614B91-A82D-49D9-AEC4-8B444C22195E}.Debug|Any CPU.Build.0 = Debug|Any CPU
		{D4614B91-A82D-49D9-AEC4-8B444C22195E}.Debug|x64.ActiveCfg = Debug|Any CPU
		{D4614B91-A82D-49D9-AEC4-8B444C22195E}.Debug|x64.Build.0 = Debug|Any CPU
		{D4614B91-A82D-49D9-AEC4-8B444C22195E}.Debug|x86.ActiveCfg = Debug|Any CPU
		{D4614B91-A82D-49D9-AEC4-8B444C22195E}.Debug|x86.Build.0 = Debug|Any CPU
		{D4614B91-A82D-49D9-AEC4-8B444C22195E}.Release|Any CPU.ActiveCfg = Release|Any CPU
		{D4614B91-A82D-49D9-AEC4-8B444C22195E}.Release|Any CPU.Build.0 = Release|Any CPU
		{D4614B91-A82D-49D9-AEC4-8B444C22195E}.Release|x64.ActiveCfg = Release|Any CPU
		{D4614B91-A82D-49D9-AEC4-8B444C22195E}.Release|x64.Build.0 = Release|Any CPU
		{D4614B91-A82D-49D9-AEC4-8B444C22195E}.Release|x86.ActiveCfg = Release|Any CPU
		{D4614B91-A82D-49D9-AEC4-8B444C22195E}.Release|x86.Build.0 = Release|Any CPU
		{5DF57815-739C-4BEE-8396-DD25CA32B61E}.Debug|Any CPU.ActiveCfg = Debug|Any CPU
		{5DF57815-739C-4BEE-8396-DD25CA32B61E}.Debug|Any CPU.Build.0 = Debug|Any CPU
		{5DF57815-739C-4BEE-8396-DD25CA32B61E}.Debug|x64.ActiveCfg = Debug|Any CPU
		{5DF57815-739C-4BEE-8396-DD25CA32B61E}.Debug|x64.Build.0 = Debug|Any CPU
		{5DF57815-739C-4BEE-8396-DD25CA32B61E}.Debug|x86.ActiveCfg = Debug|Any CPU
		{5DF57815-739C-4BEE-8396-DD25CA32B61E}.Debug|x86.Build.0 = Debug|Any CPU
		{5DF57815-739C-4BEE-8396-DD25CA32B61E}.Release|Any CPU.ActiveCfg = Release|Any CPU
		{5DF57815-739C-4BEE-8396-DD25CA32B61E}.Release|Any CPU.Build.0 = Release|Any CPU
		{5DF57815-739C-4BEE-8396-DD25CA32B61E}.Release|x64.ActiveCfg = Release|Any CPU
		{5DF57815-739C-4BEE-8396-DD25CA32B61E}.Release|x64.Build.0 = Release|Any CPU
		{5DF57815-739C-4BEE-8396-DD25CA32B61E}.Release|x86.ActiveCfg = Release|Any CPU
		{5DF57815-739C-4BEE-8396-DD25CA32B61E}.Release|x86.Build.0 = Release|Any CPU
	EndGlobalSection
	GlobalSection(SolutionProperties) = preSolution
		HideSolutionNode = FALSE
	EndGlobalSection
	GlobalSection(NestedProjects) = preSolution
		{BB56A26F-8D14-4AAA-B5AB-8D5948B2C329} = {827E0CD3-B72D-47B6-A68D-7590B98EB39B}
		{31F396CC-4AFC-456F-9E35-4C1C5E9FE0FD} = {827E0CD3-B72D-47B6-A68D-7590B98EB39B}
		{D4614B91-A82D-49D9-AEC4-8B444C22195E} = {827E0CD3-B72D-47B6-A68D-7590B98EB39B}
		{5DF57815-739C-4BEE-8396-DD25CA32B61E} = {0AB3BF05-4346-4AA6-1389-037BE0695223}
	EndGlobalSection
EndGlobal
